
Microsoft Visual Studio Solution File, Format Version 10.00
# Visual Studio 2008
Project("{8BC9CEB8-8B4A-11D0-8D11-00A0C91BC942}") = "EDTest", "EDTest.vcproj", "{89757130-A5F3-4CD7-AE53-07642C36FE8B}"
EndProject
Global
	GlobalSection(SolutionConfigurationPlatforms) = preSolution
		Debug|Win32 = Debug|Win32
		Release|Win32 = Release|Win32
	EndGlobalSection
	GlobalSection(ProjectConfigurationPlatforms) = postSolution
		{89757130-A5F3-4CD7-AE53-07642C36FE8B}.Debug|Win32.ActiveCfg = Debug|Win32
		{89757130-A5F3-4CD7-AE53-07642C36FE8B}.Debug|Win32.Build.0 = Debug|Win32
		{89757130-A5F3-4CD7-AE53-07642C36FE8B}.Release|Win32.ActiveCfg = Release|Win32
		{89757130-A5F3-4CD7-AE53-07642C36FE8B}.Release|Win32.Build.0 = Release|Win32
	EndGlobalSection
	GlobalSection(SolutionProperties) = preSolution
		HideSolutionNode = FALSE
	EndGlobalSection
EndGlobal
